
Microsoft Visual Studio Solution File, Format Version 12.00
# Visual Studio Version 17
VisualStudioVersion = 17.9.34622.214
MinimumVisualStudioVersion = 10.0.40219.1
Project("{FAE04EC0-301F-11D3-BF4B-00C04F79EFBC}") = "Dropcat", "Dropcat\Dropcat.csproj", "{CF4AB774-E522-456B-9297-B4BC059B6FA7}"
EndProject
Global
	GlobalSection(SolutionConfigurationPlatforms) = preSolution
		Debug|Any CPU = Debug|Any CPU
		Release|Any CPU = Release|Any CPU
	EndGlobalSection
	GlobalSection(ProjectConfigurationPlatforms) = postSolution
		{CF4AB774-E522-456B-9297-B4BC059B6FA7}.Debug|Any CPU.ActiveCfg = Debug|Any CPU
		{CF4AB774-E522-456B-9297-B4BC059B6FA7}.Debug|Any CPU.Build.0 = Debug|Any CPU
		{CF4AB774-E522-456B-9297-B4BC059B6FA7}.Release|Any CPU.ActiveCfg = Release|Any CPU
		{CF4AB774-E522-456B-9297-B4BC059B6FA7}.Release|Any CPU.Build.0 = Release|Any CPU
	EndGlobalSection
	GlobalSection(SolutionProperties) = preSolution
		HideSolutionNode = FALSE
	EndGlobalSection
	GlobalSection(ExtensibilityGlobals) = postSolution
		SolutionGuid = {77A6016C-48CA-486D-AC2F-84962D58DFF5}
	EndGlobalSection
EndGlobal
